
Microsoft Visual Studio Solution File, Format Version 12.00
# Visual Studio Version 16
VisualStudioVersion = 16.0.32602.291
MinimumVisualStudioVersion = 10.0.40219.1
Project("{FAE04EC0-301F-11D3-BF4B-00C04F79EFBC}") = "WebApiLogin", "WebApiLogin\WebApiLogin.csproj", "{F33BACC0-05B7-4806-903A-59259108BE29}"
EndProject
Global
	GlobalSection(SolutionConfigurationPlatforms) = preSolution
		Debug|Any CPU = Debug|Any CPU
		Release|Any CPU = Release|Any CPU
	EndGlobalSection
	GlobalSection(ProjectConfigurationPlatforms) = postSolution
		{F33BACC0-05B7-4806-903A-59259108BE29}.Debug|Any CPU.ActiveCfg = Debug|Any CPU
		{F33BACC0-05B7-4806-903A-59259108BE29}.Debug|Any CPU.Build.0 = Debug|Any CPU
		{F33BACC0-05B7-4806-903A-59259108BE29}.Release|Any CPU.ActiveCfg = Release|Any CPU
		{F33BACC0-05B7-4806-903A-59259108BE29}.Release|Any CPU.Build.0 = Release|Any CPU
	EndGlobalSection
	GlobalSection(SolutionProperties) = preSolution
		HideSolutionNode = FALSE
	EndGlobalSection
	GlobalSection(ExtensibilityGlobals) = postSolution
		SolutionGuid = {80A04C74-D957-4471-8EA6-9B07F5B16D5D}
	EndGlobalSection
EndGlobal
